
Microsoft Visual Studio Solution File, Format Version 12.00
# Visual Studio Version 17
VisualStudioVersion = 17.0.32014.148
MinimumVisualStudioVersion = 10.0.40219.1
Project("{2150E333-8FDC-42A3-9474-1A3956D46DE8}") = "001_Classes", "001_Classes", "{E0CEFDB2-7F37-4F26-BAF7-E7CFF50519A8}"
EndProject
Project("{2150E333-8FDC-42A3-9474-1A3956D46DE8}") = "002_Classes And Objects", "002_Classes And Objects", "{423D4C1A-06DA-460B-82FC-B8B8CE66C69E}"
EndProject
Project("{2150E333-8FDC-42A3-9474-1A3956D46DE8}") = "003_Inheritance_And_Polymorphism", "003_Inheritance_And_Polymorphism", "{D081ED37-AD0D-44AE-B8DC-0003C8F6D7CA}"
EndProject
Project("{2150E333-8FDC-42A3-9474-1A3956D46DE8}") = "004_Abstract_Classes_And_Interfaces", "004_Abstract_Classes_And_Interfaces", "{47BA2DF7-4392-4446-A684-23B9BBEB9D08}"
EndProject
Project("{2150E333-8FDC-42A3-9474-1A3956D46DE8}") = "005_Arrays_And_Indexers", "005_Arrays_And_Indexers", "{AB980298-9CDD-4D99-9E05-14CD1990A70A}"
EndProject
Project("{2150E333-8FDC-42A3-9474-1A3956D46DE8}") = "006_Static_And_Nested_Classes", "006_Static_And_Nested_Classes", "{9F2E7F60-2469-472F-BD55-8D016A34BCAE}"
EndProject
Project("{2150E333-8FDC-42A3-9474-1A3956D46DE8}") = "007_Structures_And_Their_Varieties", "007_Structures_And_Their_Varieties", "{5E787868-9B0F-492D-A668-EF5234465CC8}"
EndProject
Project("{2150E333-8FDC-42A3-9474-1A3956D46DE8}") = "008_Enum", "008_Enum", "{44D23CA6-1BF4-4064-9C2B-5A2EAE1C8785}"
EndProject
Project("{2150E333-8FDC-42A3-9474-1A3956D46DE8}") = "009_Delegates", "009_Delegates", "{5B7C6F20-93A3-4E14-B30C-7728EDE57D24}"
EndProject
Project("{2150E333-8FDC-42A3-9474-1A3956D46DE8}") = "010_Generics", "010_Generics", "{56AE7D24-92EA-439F-98B0-6E890981C4A7}"
EndProject
Project("{2150E333-8FDC-42A3-9474-1A3956D46DE8}") = "011_Restrictions_Generics", "011_Restrictions_Generics", "{7C66CA51-5E82-4579-B6E0-5CB3F11ED830}"
EndProject
Project("{2150E333-8FDC-42A3-9474-1A3956D46DE8}") = "012_Events", "012_Events", "{9C17D7EF-885A-49D5-9535-F7465677A27B}"
EndProject
Project("{2150E333-8FDC-42A3-9474-1A3956D46DE8}") = "013_Threads", "013_Threads", "{C15402CD-F61A-466E-A7BD-E38C82D7468B}"
EndProject
Project("{2150E333-8FDC-42A3-9474-1A3956D46DE8}") = "014_Collections", "014_Collections", "{5B264DCF-2D36-44F5-808E-90D937E53FDD}"
EndProject
Project("{2150E333-8FDC-42A3-9474-1A3956D46DE8}") = "015_Exception", "015_Exception", "{C9347AB3-86D3-4581-82EC-0902C6B62C46}"
EndProject
Project("{2150E333-8FDC-42A3-9474-1A3956D46DE8}") = "016_Operator_Overloading", "016_Operator_Overloading", "{79AFFBFE-0D09-45FF-9A66-C97E4E2BD926}"
EndProject
Project("{2150E333-8FDC-42A3-9474-1A3956D46DE8}") = "017_LINQ", "017_LINQ", "{CCE7CDE7-0E1C-4D51-931A-DB1673EF1CE0}"
EndProject
Project("{2150E333-8FDC-42A3-9474-1A3956D46DE8}") = "018_Namespace", "018_Namespace", "{65E8B19C-67CB-4961-A427-3EFB69C9F72B}"
EndProject
Project("{9A19103F-16F7-4668-BE54-9A1E7A4F7556}") = "Task_1", "001_Classes\Task_1\Task_1.csproj", "{14064BFE-2373-43AC-B777-C0D911FB9402}"
EndProject
Project("{9A19103F-16F7-4668-BE54-9A1E7A4F7556}") = "Task_2", "001_Classes\Task_2\Task_2.csproj", "{23C27439-1301-4C73-9547-1AA185757FDF}"
EndProject
Project("{9A19103F-16F7-4668-BE54-9A1E7A4F7556}") = "Task_3", "001_Classes\Task_3\Task_3.csproj", "{2E8C1437-6DF4-456D-AFB3-9068269AA665}"
EndProject
Project("{9A19103F-16F7-4668-BE54-9A1E7A4F7556}") = "Task_4", "001_Classes\Task_4\Task_4.csproj", "{2E94D891-E069-42EA-B993-ED44FD7B2853}"
EndProject
Project("{9A19103F-16F7-4668-BE54-9A1E7A4F7556}") = "CurrencyConverter", "002_Classes And Objects\CurrencyConverter\CurrencyConverter.csproj", "{46165EF5-DDF9-42A0-85CA-F8A0CB90CE7A}"
EndProject
Project("{9A19103F-16F7-4668-BE54-9A1E7A4F7556}") = "InfoPerson", "002_Classes And Objects\InfoPerson\InfoPerson.csproj", "{FB0689AD-745E-4C17-A561-1EC2DFF8AA4D}"
EndProject
Project("{9A19103F-16F7-4668-BE54-9A1E7A4F7556}") = "Order", "002_Classes And Objects\Order\Order.csproj", "{22258804-E680-4B03-8311-5647A27614E3}"
EndProject
Project("{9A19103F-16F7-4668-BE54-9A1E7A4F7556}") = "Task_5", "002_Classes And Objects\Task_5\Task_5.csproj", "{81127F25-1B0C-4969-A206-B156246D2BAE}"
EndProject
Project("{9A19103F-16F7-4668-BE54-9A1E7A4F7556}") = "UserInformation", "002_Classes And Objects\UserInformation\UserInformation.csproj", "{457A4797-181E-435E-9BA7-79018A106B23}"
EndProject
Project("{9A19103F-16F7-4668-BE54-9A1E7A4F7556}") = "Document", "003_Inheritance_And_Polymorphism\Document\Document.csproj", "{0E1FDDB8-056E-4C50-92DA-065996CEF022}"
EndProject
Project("{9A19103F-16F7-4668-BE54-9A1E7A4F7556}") = "Scanner", "003_Inheritance_And_Polymorphism\Scanner\Scanner.csproj", "{8BAB0CC5-9A3A-4501-AB72-EE39934CF528}"
EndProject
Project("{9A19103F-16F7-4668-BE54-9A1E7A4F7556}") = "School", "003_Inheritance_And_Polymorphism\School\School.csproj", "{A74FA19C-9C83-40CD-92F1-6B52F5E1E129}"
EndProject
Project("{9A19103F-16F7-4668-BE54-9A1E7A4F7556}") = "Transport", "003_Inheritance_And_Polymorphism\Transport\Transport.csproj", "{732DA6A7-6D97-4780-90C2-D7C06B17E9B6}"
EndProject
Project("{9A19103F-16F7-4668-BE54-9A1E7A4F7556}") = "Handler", "004_Abstract_Classes_And_Interfaces\Handler\Handler.csproj", "{72EB4908-418B-4AF7-9F74-2413F50E9393}"
EndProject
Project("{9A19103F-16F7-4668-BE54-9A1E7A4F7556}") = "MediaPlayer", "004_Abstract_Classes_And_Interfaces\MediaPlayer\MediaPlayer.csproj", "{3F2B42E3-E54F-494D-9CAC-0ABFA3E5386D}"
EndProject
Project("{9A19103F-16F7-4668-BE54-9A1E7A4F7556}") = "Arrays_01", "005_Arrays_And_Indexers\Arrays_01\Arrays_01.csproj", "{B2E0E66E-6BA1-4FD8-A196-59CB54688B97}"
EndProject
Project("{9A19103F-16F7-4668-BE54-9A1E7A4F7556}") = "Inventory", "005_Arrays_And_Indexers\Inventory\Inventory.csproj", "{0D3FEF81-6B2D-41E8-8EC7-8625EAAD8638}"
EndProject
Project("{9A19103F-16F7-4668-BE54-9A1E7A4F7556}") = "Matrix", "005_Arrays_And_Indexers\Matrix\Matrix.csproj", "{5D7CA403-E248-43EF-B580-DBD64AB01B2E}"
EndProject
Project("{9A19103F-16F7-4668-BE54-9A1E7A4F7556}") = "ArithmeticOperations_02", "006_Static_And_Nested_Classes\ArithmeticOperations_02\ArithmeticOperations_02.csproj", "{D2FFD3DA-5BFF-4683-8AF4-D37EB06C5116}"
EndProject
Project("{9A19103F-16F7-4668-BE54-9A1E7A4F7556}") = "ExtensionMethod", "006_Static_And_Nested_Classes\ExtensionMethod\ExtensionMethod.csproj", "{7C337977-C5D6-44DF-80D4-3006B270977C}"
EndProject
Project("{9A19103F-16F7-4668-BE54-9A1E7A4F7556}") = "StringSearch", "006_Static_And_Nested_Classes\StringSearch\StringSearch.csproj", "{07CD967F-DB11-425A-BB56-E9A963103A4B}"
EndProject
Project("{9A19103F-16F7-4668-BE54-9A1E7A4F7556}") = "StringSearch_01", "006_Static_And_Nested_Classes\StringSearch_01\StringSearch_01.csproj", "{A39EFB9A-F99A-4BB1-A5B0-9CD61CB957A7}"
EndProject
Project("{9A19103F-16F7-4668-BE54-9A1E7A4F7556}") = "ClassAndStruct", "007_Structures_And_Their_Varieties\ClassAndStruct\ClassAndStruct.csproj", "{879A70E3-B1D3-44FD-8270-68B783A590E6}"
EndProject
Project("{9A19103F-16F7-4668-BE54-9A1E7A4F7556}") = "Depo", "007_Structures_And_Their_Varieties\Depo\Depo.csproj", "{434A3C64-B2A1-4DD1-A430-E34B4CE0F978}"
EndProject
Project("{9A19103F-16F7-4668-BE54-9A1E7A4F7556}") = "Notebooks", "007_Structures_And_Their_Varieties\Notebooks\Notebooks.csproj", "{01B66A56-AF28-48D7-A320-6FE10FD11FB9}"
EndProject
Project("{9A19103F-16F7-4668-BE54-9A1E7A4F7556}") = "BonusMoney", "008_Enum\BonusMoney\BonusMoney.csproj", "{50B8D83D-102F-4997-BBB5-2F71A05D8115}"
EndProject
Project("{9A19103F-16F7-4668-BE54-9A1E7A4F7556}") = "CounterBirthday", "008_Enum\CounterBirthday\CounterBirthday.csproj", "{9842A186-2981-4EFE-A096-13ACF3F47EAE}"
EndProject
Project("{9A19103F-16F7-4668-BE54-9A1E7A4F7556}") = "EnumsColors", "008_Enum\EnumsColors\EnumsColors.csproj", "{C32A67EA-26D2-4CA2-8E3C-4A1D565B1AE6}"
EndProject
Project("{9A19103F-16F7-4668-BE54-9A1E7A4F7556}") = "ArithmeticMean", "009_Delegates\ArithmeticMean\ArithmeticMean.csproj", "{FC387A02-3D81-489A-B959-4D058AF93110}"
EndProject
Project("{9A19103F-16F7-4668-BE54-9A1E7A4F7556}") = "ArithmeticOperations_03", "009_Delegates\ArithmeticOperations_03\ArithmeticOperations_03.csproj", "{15B07531-50CB-4BE3-9A56-D61EEE2BF7B2}"
EndProject
Project("{9A19103F-16F7-4668-BE54-9A1E7A4F7556}") = "Generics_13", "010_Generics\Generics_13\Generics_13.csproj", "{DD4A5E07-7A86-40AB-97AA-32D29ED7E7BA}"
EndProject
Project("{9A19103F-16F7-4668-BE54-9A1E7A4F7556}") = "Generics_14", "010_Generics\Generics_14\Generics_14.csproj", "{772DC121-ACF8-4074-B1F8-CD2D04624C93}"
EndProject
Project("{9A19103F-16F7-4668-BE54-9A1E7A4F7556}") = "ListGen", "010_Generics\ListGen\ListGen.csproj", "{9910B147-A05B-4F7A-B860-4B9D5215ED86}"
EndProject
Project("{9A19103F-16F7-4668-BE54-9A1E7A4F7556}") = "ListGen_01", "010_Generics\ListGen_01\ListGen_01.csproj", "{3E5387E0-30D3-4CE4-B4B4-E78AFE463D3E}"
EndProject
Project("{9A19103F-16F7-4668-BE54-9A1E7A4F7556}") = "ArrayList_ListGen", "011_Restrictions_Generics\ArrayList_ListGen\ArrayList_ListGen.csproj", "{F0AFE117-5665-4EC8-8B47-B369FCB65748}"
EndProject
Project("{9A19103F-16F7-4668-BE54-9A1E7A4F7556}") = "ArrayListGen_01", "011_Restrictions_Generics\ArrayListGen_01\ArrayListGen_01.csproj", "{2202EAD8-041F-411D-A8D3-1C78404B1532}"
EndProject
Project("{9A19103F-16F7-4668-BE54-9A1E7A4F7556}") = "CarPark", "011_Restrictions_Generics\CarPark\CarPark.csproj", "{A79E20AD-898B-40AE-AA23-BFB5A677BABE}"
EndProject
Project("{9A19103F-16F7-4668-BE54-9A1E7A4F7556}") = "Generics_15", "011_Restrictions_Generics\Generics_15\Generics_15.csproj", "{6935522F-1F73-4D6C-9820-65EEAECF5F25}"
EndProject
Project("{9A19103F-16F7-4668-BE54-9A1E7A4F7556}") = "CalculatorException", "015_Exception\CalculatorException\CalculatorException.csproj", "{9DAC0AC5-A612-476F-9DDB-0C93CB6AB039}"
EndProject
Project("{9A19103F-16F7-4668-BE54-9A1E7A4F7556}") = "LengthOfService", "015_Exception\LengthOfService\LengthOfService.csproj", "{AC9C1086-7726-449F-AC28-A138106AC048}"
EndProject
Project("{9A19103F-16F7-4668-BE54-9A1E7A4F7556}") = "StoreWarehouse", "015_Exception\StoreWarehouse\StoreWarehouse.csproj", "{23728E7F-D893-45AB-9FE2-6E94F42789D7}"
EndProject
Project("{FAE04EC0-301F-11D3-BF4B-00C04F79EFBC}") = "ClassLibrary1", "018_Namespace\ClassLibrary1\ClassLibrary1.csproj", "{5F88036E-E512-48BC-9306-C80BD86E6D85}"
EndProject
Project("{FAE04EC0-301F-11D3-BF4B-00C04F79EFBC}") = "MyFuckingProject", "018_Namespace\MyFuckingProject\MyFuckingProject.csproj", "{7EDD3EC7-C5EB-4E21-ACF7-A18606571C4A}"
EndProject
Project("{FAE04EC0-301F-11D3-BF4B-00C04F79EFBC}") = "MyNamespace", "018_Namespace\MyNamespace\MyNamespace.csproj", "{B94B7D07-8D82-4C33-9A71-B87674E3216A}"
EndProject
Project("{2150E333-8FDC-42A3-9474-1A3956D46DE8}") = "019_Other", "019_Other", "{988FC7C3-D1C8-4D68-B3B2-C8FC92764608}"
EndProject
Project("{9A19103F-16F7-4668-BE54-9A1E7A4F7556}") = "AnimalWorld", "019_Other\AnimalWorld\AnimalWorld.csproj", "{98AB1194-01FF-45F7-BE5D-4F7F8046EF07}"
EndProject
Project("{9A19103F-16F7-4668-BE54-9A1E7A4F7556}") = "AnimalWorldGen", "019_Other\AnimalWorldGen\AnimalWorldGen.csproj", "{1B165A2C-A4E4-4248-9D88-F1DE09EAB036}"
EndProject
Project("{9A19103F-16F7-4668-BE54-9A1E7A4F7556}") = "BankDeposit_02", "019_Other\BankDeposit_02\BankDeposit_02.csproj", "{A375CB7F-3BFC-4A76-A375-B6D86E60F18D}"
EndProject
Project("{9A19103F-16F7-4668-BE54-9A1E7A4F7556}") = "BankDeposit_03", "019_Other\BankDeposit_03\BankDeposit_03.csproj", "{CB6D7F58-7355-4A5B-999C-8F21F7EEF603}"
EndProject
Project("{9A19103F-16F7-4668-BE54-9A1E7A4F7556}") = "BankDeposit_04", "019_Other\BankDeposit_04\BankDeposit_04.csproj", "{BB3A33F6-B601-4C90-86F0-43CD71A91DDA}"
EndProject
Project("{9A19103F-16F7-4668-BE54-9A1E7A4F7556}") = "Circumference", "019_Other\Circumference\Circumference.csproj", "{FCF05E9D-2683-498B-8506-DA90C5268588}"
EndProject
Project("{9A19103F-16F7-4668-BE54-9A1E7A4F7556}") = "Document_01", "019_Other\Document_01\Document_01.csproj", "{C3988096-C4EF-4B97-AD07-D840764A4075}"
EndProject
Project("{9A19103F-16F7-4668-BE54-9A1E7A4F7556}") = "UserCollection", "019_Other\UserCollection\UserCollection.csproj", "{0A1257CF-408C-4204-8EB6-BB3591C30D59}"
EndProject
Project("{9A19103F-16F7-4668-BE54-9A1E7A4F7556}") = "Zoo", "019_Other\Zoo\Zoo.csproj", "{2EBE13E5-F70E-4361-AD22-9F64ED5D6D85}"
EndProject
Global
	GlobalSection(SolutionConfigurationPlatforms) = preSolution
		Debug|Any CPU = Debug|Any CPU
		Release|Any CPU = Release|Any CPU
	EndGlobalSection
	GlobalSection(ProjectConfigurationPlatforms) = postSolution
		{14064BFE-2373-43AC-B777-C0D911FB9402}.Debug|Any CPU.ActiveCfg = Debug|Any CPU
		{14064BFE-2373-43AC-B777-C0D911FB9402}.Debug|Any CPU.Build.0 = Debug|Any CPU
		{14064BFE-2373-43AC-B777-C0D911FB9402}.Release|Any CPU.ActiveCfg = Release|Any CPU
		{14064BFE-2373-43AC-B777-C0D911FB9402}.Release|Any CPU.Build.0 = Release|Any CPU
		{23C27439-1301-4C73-9547-1AA185757FDF}.Debug|Any CPU.ActiveCfg = Debug|Any CPU
		{23C27439-1301-4C73-9547-1AA185757FDF}.Debug|Any CPU.Build.0 = Debug|Any CPU
		{23C27439-1301-4C73-9547-1AA185757FDF}.Release|Any CPU.ActiveCfg = Release|Any CPU
		{23C27439-1301-4C73-9547-1AA185757FDF}.Release|Any CPU.Build.0 = Release|Any CPU
		{2E8C1437-6DF4-456D-AFB3-9068269AA665}.Debug|Any CPU.ActiveCfg = Debug|Any CPU
		{2E8C1437-6DF4-456D-AFB3-9068269AA665}.Debug|Any CPU.Build.0 = Debug|Any CPU
		{2E8C1437-6DF4-456D-AFB3-9068269AA665}.Release|Any CPU.ActiveCfg = Release|Any CPU
		{2E8C1437-6DF4-456D-AFB3-9068269AA665}.Release|Any CPU.Build.0 = Release|Any CPU
		{2E94D891-E069-42EA-B993-ED44FD7B2853}.Debug|Any CPU.ActiveCfg = Debug|Any CPU
		{2E94D891-E069-42EA-B993-ED44FD7B2853}.Debug|Any CPU.Build.0 = Debug|Any CPU
		{2E94D891-E069-42EA-B993-ED44FD7B2853}.Release|Any CPU.ActiveCfg = Release|Any CPU
		{2E94D891-E069-42EA-B993-ED44FD7B2853}.Release|Any CPU.Build.0 = Release|Any CPU
		{46165EF5-DDF9-42A0-85CA-F8A0CB90CE7A}.Debug|Any CPU.ActiveCfg = Debug|Any CPU
		{46165EF5-DDF9-42A0-85CA-F8A0CB90CE7A}.Debug|Any CPU.Build.0 = Debug|Any CPU
		{46165EF5-DDF9-42A0-85CA-F8A0CB90CE7A}.Release|Any CPU.ActiveCfg = Release|Any CPU
		{46165EF5-DDF9-42A0-85CA-F8A0CB90CE7A}.Release|Any CPU.Build.0 = Release|Any CPU
		{FB0689AD-745E-4C17-A561-1EC2DFF8AA4D}.Debug|Any CPU.ActiveCfg = Debug|Any CPU
		{FB0689AD-745E-4C17-A561-1EC2DFF8AA4D}.Debug|Any CPU.Build.0 = Debug|Any CPU
		{FB0689AD-745E-4C17-A561-1EC2DFF8AA4D}.Release|Any CPU.ActiveCfg = Release|Any CPU
		{FB0689AD-745E-4C17-A561-1EC2DFF8AA4D}.Release|Any CPU.Build.0 = Release|Any CPU
		{22258804-E680-4B03-8311-5647A27614E3}.Debug|Any CPU.ActiveCfg = Debug|Any CPU
		{22258804-E680-4B03-8311-5647A27614E3}.Debug|Any CPU.Build.0 = Debug|Any CPU
		{22258804-E680-4B03-8311-5647A27614E3}.Release|Any CPU.ActiveCfg = Release|Any CPU
		{22258804-E680-4B03-8311-5647A27614E3}.Release|Any CPU.Build.0 = Release|Any CPU
		{81127F25-1B0C-4969-A206-B156246D2BAE}.Debug|Any CPU.ActiveCfg = Debug|Any CPU
		{81127F25-1B0C-4969-A206-B156246D2BAE}.Debug|Any CPU.Build.0 = Debug|Any CPU
		{81127F25-1B0C-4969-A206-B156246D2BAE}.Release|Any CPU.ActiveCfg = Release|Any CPU
		{81127F25-1B0C-4969-A206-B156246D2BAE}.Release|Any CPU.Build.0 = Release|Any CPU
		{457A4797-181E-435E-9BA7-79018A106B23}.Debug|Any CPU.ActiveCfg = Debug|Any CPU
		{457A4797-181E-435E-9BA7-79018A106B23}.Debug|Any CPU.Build.0 = Debug|Any CPU
		{457A4797-181E-435E-9BA7-79018A106B23}.Release|Any CPU.ActiveCfg = Release|Any CPU
		{457A4797-181E-435E-9BA7-79018A106B23}.Release|Any CPU.Build.0 = Release|Any CPU
		{0E1FDDB8-056E-4C50-92DA-065996CEF022}.Debug|Any CPU.ActiveCfg = Debug|Any CPU
		{0E1FDDB8-056E-4C50-92DA-065996CEF022}.Debug|Any CPU.Build.0 = Debug|Any CPU
		{0E1FDDB8-056E-4C50-92DA-065996CEF022}.Release|Any CPU.ActiveCfg = Release|Any CPU
		{0E1FDDB8-056E-4C50-92DA-065996CEF022}.Release|Any CPU.Build.0 = Release|Any CPU
		{8BAB0CC5-9A3A-4501-AB72-EE39934CF528}.Debug|Any CPU.ActiveCfg = Debug|Any CPU
		{8BAB0CC5-9A3A-4501-AB72-EE39934CF528}.Debug|Any CPU.Build.0 = Debug|Any CPU
		{8BAB0CC5-9A3A-4501-AB72-EE39934CF528}.Release|Any CPU.ActiveCfg = Release|Any CPU
		{8BAB0CC5-9A3A-4501-AB72-EE39934CF528}.Release|Any CPU.Build.0 = Release|Any CPU
		{A74FA19C-9C83-40CD-92F1-6B52F5E1E129}.Debug|Any CPU.ActiveCfg = Debug|Any CPU
		{A74FA19C-9C83-40CD-92F1-6B52F5E1E129}.Debug|Any CPU.Build.0 = Debug|Any CPU
		{A74FA19C-9C83-40CD-92F1-6B52F5E1E129}.Release|Any CPU.ActiveCfg = Release|Any CPU
		{A74FA19C-9C83-40CD-92F1-6B52F5E1E129}.Release|Any CPU.Build.0 = Release|Any CPU
		{732DA6A7-6D97-4780-90C2-D7C06B17E9B6}.Debug|Any CPU.ActiveCfg = Debug|Any CPU
		{732DA6A7-6D97-4780-90C2-D7C06B17E9B6}.Debug|Any CPU.Build.0 = Debug|Any CPU
		{732DA6A7-6D97-4780-90C2-D7C06B17E9B6}.Release|Any CPU.ActiveCfg = Release|Any CPU
		{732DA6A7-6D97-4780-90C2-D7C06B17E9B6}.Release|Any CPU.Build.0 = Release|Any CPU
		{72EB4908-418B-4AF7-9F74-2413F50E9393}.Debug|Any CPU.ActiveCfg = Debug|Any CPU
		{72EB4908-418B-4AF7-9F74-2413F50E9393}.Debug|Any CPU.Build.0 = Debug|Any CPU
		{72EB4908-418B-4AF7-9F74-2413F50E9393}.Release|Any CPU.ActiveCfg = Release|Any CPU
		{72EB4908-418B-4AF7-9F74-2413F50E9393}.Release|Any CPU.Build.0 = Release|Any CPU
		{3F2B42E3-E54F-494D-9CAC-0ABFA3E5386D}.Debug|Any CPU.ActiveCfg = Debug|Any CPU
		{3F2B42E3-E54F-494D-9CAC-0ABFA3E5386D}.Debug|Any CPU.Build.0 = Debug|Any CPU
		{3F2B42E3-E54F-494D-9CAC-0ABFA3E5386D}.Release|Any CPU.ActiveCfg = Release|Any CPU
		{3F2B42E3-E54F-494D-9CAC-0ABFA3E5386D}.Release|Any CPU.Build.0 = Release|Any CPU
		{B2E0E66E-6BA1-4FD8-A196-59CB54688B97}.Debug|Any CPU.ActiveCfg = Debug|Any CPU
		{B2E0E66E-6BA1-4FD8-A196-59CB54688B97}.Debug|Any CPU.Build.0 = Debug|Any CPU
		{B2E0E66E-6BA1-4FD8-A196-59CB54688B97}.Release|Any CPU.ActiveCfg = Release|Any CPU
		{B2E0E66E-6BA1-4FD8-A196-59CB54688B97}.Release|Any CPU.Build.0 = Release|Any CPU
		{0D3FEF81-6B2D-41E8-8EC7-8625EAAD8638}.Debug|Any CPU.ActiveCfg = Debug|Any CPU
		{0D3FEF81-6B2D-41E8-8EC7-8625EAAD8638}.Debug|Any CPU.Build.0 = Debug|Any CPU
		{0D3FEF81-6B2D-41E8-8EC7-8625EAAD8638}.Release|Any CPU.ActiveCfg = Release|Any CPU
		{0D3FEF81-6B2D-41E8-8EC7-8625EAAD8638}.Release|Any CPU.Build.0 = Release|Any CPU
		{5D7CA403-E248-43EF-B580-DBD64AB01B2E}.Debug|Any CPU.ActiveCfg = Debug|Any CPU
		{5D7CA403-E248-43EF-B580-DBD64AB01B2E}.Debug|Any CPU.Build.0 = Debug|Any CPU
		{5D7CA403-E248-43EF-B580-DBD64AB01B2E}.Release|Any CPU.ActiveCfg = Release|Any CPU
		{5D7CA403-E248-43EF-B580-DBD64AB01B2E}.Release|Any CPU.Build.0 = Release|Any CPU
		{D2FFD3DA-5BFF-4683-8AF4-D37EB06C5116}.Debug|Any CPU.ActiveCfg = Debug|Any CPU
		{D2FFD3DA-5BFF-4683-8AF4-D37EB06C5116}.Debug|Any CPU.Build.0 = Debug|Any CPU
		{D2FFD3DA-5BFF-4683-8AF4-D37EB06C5116}.Release|Any CPU.ActiveCfg = Release|Any CPU
		{D2FFD3DA-5BFF-4683-8AF4-D37EB06C5116}.Release|Any CPU.Build.0 = Release|Any CPU
		{7C337977-C5D6-44DF-80D4-3006B270977C}.Debug|Any CPU.ActiveCfg = Debug|Any CPU
		{7C337977-C5D6-44DF-80D4-3006B270977C}.Debug|Any CPU.Build.0 = Debug|Any CPU
		{7C337977-C5D6-44DF-80D4-3006B270977C}.Release|Any CPU.ActiveCfg = Release|Any CPU
		{7C337977-C5D6-44DF-80D4-3006B270977C}.Release|Any CPU.Build.0 = Release|Any CPU
		{07CD967F-DB11-425A-BB56-E9A963103A4B}.Debug|Any CPU.ActiveCfg = Debug|Any CPU
		{07CD967F-DB11-425A-BB56-E9A963103A4B}.Debug|Any CPU.Build.0 = Debug|Any CPU
		{07CD967F-DB11-425A-BB56-E9A963103A4B}.Release|Any CPU.ActiveCfg = Release|Any CPU
		{07CD967F-DB11-425A-BB56-E9A963103A4B}.Release|Any CPU.Build.0 = Release|Any CPU
		{A39EFB9A-F99A-4BB1-A5B0-9CD61CB957A7}.Debug|Any CPU.ActiveCfg = Debug|Any CPU
		{A39EFB9A-F99A-4BB1-A5B0-9CD61CB957A7}.Debug|Any CPU.Build.0 = Debug|Any CPU
		{A39EFB9A-F99A-4BB1-A5B0-9CD61CB957A7}.Release|Any CPU.ActiveCfg = Release|Any CPU
		{A39EFB9A-F99A-4BB1-A5B0-9CD61CB957A7}.Release|Any CPU.Build.0 = Release|Any CPU
		{879A70E3-B1D3-44FD-8270-68B783A590E6}.Debug|Any CPU.ActiveCfg = Debug|Any CPU
		{879A70E3-B1D3-44FD-8270-68B783A590E6}.Debug|Any CPU.Build.0 = Debug|Any CPU
		{879A70E3-B1D3-44FD-8270-68B783A590E6}.Release|Any CPU.ActiveCfg = Release|Any CPU
		{879A70E3-B1D3-44FD-8270-68B783A590E6}.Release|Any CPU.Build.0 = Release|Any CPU
		{434A3C64-B2A1-4DD1-A430-E34B4CE0F978}.Debug|Any CPU.ActiveCfg = Debug|Any CPU
		{434A3C64-B2A1-4DD1-A430-E34B4CE0F978}.Debug|Any CPU.Build.0 = Debug|Any CPU
		{434A3C64-B2A1-4DD1-A430-E34B4CE0F978}.Release|Any CPU.ActiveCfg = Release|Any CPU
		{434A3C64-B2A1-4DD1-A430-E34B4CE0F978}.Release|Any CPU.Build.0 = Release|Any CPU
		{01B66A56-AF28-48D7-A320-6FE10FD11FB9}.Debug|Any CPU.ActiveCfg = Debug|Any CPU
		{01B66A56-AF28-48D7-A320-6FE10FD11FB9}.Debug|Any CPU.Build.0 = Debug|Any CPU
		{01B66A56-AF28-48D7-A320-6FE10FD11FB9}.Release|Any CPU.ActiveCfg = Release|Any CPU
		{01B66A56-AF28-48D7-A320-6FE10FD11FB9}.Release|Any CPU.Build.0 = Release|Any CPU
		{50B8D83D-102F-4997-BBB5-2F71A05D8115}.Debug|Any CPU.ActiveCfg = Debug|Any CPU
		{50B8D83D-102F-4997-BBB5-2F71A05D8115}.Debug|Any CPU.Build.0 = Debug|Any CPU
		{50B8D83D-102F-4997-BBB5-2F71A05D8115}.Release|Any CPU.ActiveCfg = Release|Any CPU
		{50B8D83D-102F-4997-BBB5-2F71A05D8115}.Release|Any CPU.Build.0 = Release|Any CPU
		{9842A186-2981-4EFE-A096-13ACF3F47EAE}.Debug|Any CPU.ActiveCfg = Debug|Any CPU
		{9842A186-2981-4EFE-A096-13ACF3F47EAE}.Debug|Any CPU.Build.0 = Debug|Any CPU
		{9842A186-2981-4EFE-A096-13ACF3F47EAE}.Release|Any CPU.ActiveCfg = Release|Any CPU
		{9842A186-2981-4EFE-A096-13ACF3F47EAE}.Release|Any CPU.Build.0 = Release|Any CPU
		{C32A67EA-26D2-4CA2-8E3C-4A1D565B1AE6}.Debug|Any CPU.ActiveCfg = Debug|Any CPU
		{C32A67EA-26D2-4CA2-8E3C-4A1D565B1AE6}.Debug|Any CPU.Build.0 = Debug|Any CPU
		{C32A67EA-26D2-4CA2-8E3C-4A1D565B1AE6}.Release|Any CPU.ActiveCfg = Release|Any CPU
		{C32A67EA-26D2-4CA2-8E3C-4A1D565B1AE6}.Release|Any CPU.Build.0 = Release|Any CPU
		{FC387A02-3D81-489A-B959-4D058AF93110}.Debug|Any CPU.ActiveCfg = Debug|Any CPU
		{FC387A02-3D81-489A-B959-4D058AF93110}.Debug|Any CPU.Build.0 = Debug|Any CPU
		{FC387A02-3D81-489A-B959-4D058AF93110}.Release|Any CPU.ActiveCfg = Release|Any CPU
		{FC387A02-3D81-489A-B959-4D058AF93110}.Release|Any CPU.Build.0 = Release|Any CPU
		{15B07531-50CB-4BE3-9A56-D61EEE2BF7B2}.Debug|Any CPU.ActiveCfg = Debug|Any CPU
		{15B07531-50CB-4BE3-9A56-D61EEE2BF7B2}.Debug|Any CPU.Build.0 = Debug|Any CPU
		{15B07531-50CB-4BE3-9A56-D61EEE2BF7B2}.Release|Any CPU.ActiveCfg = Release|Any CPU
		{15B07531-50CB-4BE3-9A56-D61EEE2BF7B2}.Release|Any CPU.Build.0 = Release|Any CPU
		{DD4A5E07-7A86-40AB-97AA-32D29ED7E7BA}.Debug|Any CPU.ActiveCfg = Debug|Any CPU
		{DD4A5E07-7A86-40AB-97AA-32D29ED7E7BA}.Debug|Any CPU.Build.0 = Debug|Any CPU
		{DD4A5E07-7A86-40AB-97AA-32D29ED7E7BA}.Release|Any CPU.ActiveCfg = Release|Any CPU
		{DD4A5E07-7A86-40AB-97AA-32D29ED7E7BA}.Release|Any CPU.Build.0 = Release|Any CPU
		{772DC121-ACF8-4074-B1F8-CD2D04624C93}.Debug|Any CPU.ActiveCfg = Debug|Any CPU
		{772DC121-ACF8-4074-B1F8-CD2D04624C93}.Debug|Any CPU.Build.0 = Debug|Any CPU
		{772DC121-ACF8-4074-B1F8-CD2D04624C93}.Release|Any CPU.ActiveCfg = Release|Any CPU
		{772DC121-ACF8-4074-B1F8-CD2D04624C93}.Release|Any CPU.Build.0 = Release|Any CPU
		{9910B147-A05B-4F7A-B860-4B9D5215ED86}.Debug|Any CPU.ActiveCfg = Debug|Any CPU
		{9910B147-A05B-4F7A-B860-4B9D5215ED86}.Debug|Any CPU.Build.0 = Debug|Any CPU
		{9910B147-A05B-4F7A-B860-4B9D5215ED86}.Release|Any CPU.ActiveCfg = Release|Any CPU
		{9910B147-A05B-4F7A-B860-4B9D5215ED86}.Release|Any CPU.Build.0 = Release|Any CPU
		{3E5387E0-30D3-4CE4-B4B4-E78AFE463D3E}.Debug|Any CPU.ActiveCfg = Debug|Any CPU
		{3E5387E0-30D3-4CE4-B4B4-E78AFE463D3E}.Debug|Any CPU.Build.0 = Debug|Any CPU
		{3E5387E0-30D3-4CE4-B4B4-E78AFE463D3E}.Release|Any CPU.ActiveCfg = Release|Any CPU
		{3E5387E0-30D3-4CE4-B4B4-E78AFE463D3E}.Release|Any CPU.Build.0 = Release|Any CPU
		{F0AFE117-5665-4EC8-8B47-B369FCB65748}.Debug|Any CPU.ActiveCfg = Debug|Any CPU
		{F0AFE117-5665-4EC8-8B47-B369FCB65748}.Debug|Any CPU.Build.0 = Debug|Any CPU
		{F0AFE117-5665-4EC8-8B47-B369FCB65748}.Release|Any CPU.ActiveCfg = Release|Any CPU
		{F0AFE117-5665-4EC8-8B47-B369FCB65748}.Release|Any CPU.Build.0 = Release|Any CPU
		{2202EAD8-041F-411D-A8D3-1C78404B1532}.Debug|Any CPU.ActiveCfg = Debug|Any CPU
		{2202EAD8-041F-411D-A8D3-1C78404B1532}.Debug|Any CPU.Build.0 = Debug|Any CPU
		{2202EAD8-041F-411D-A8D3-1C78404B1532}.Release|Any CPU.ActiveCfg = Release|Any CPU
		{2202EAD8-041F-411D-A8D3-1C78404B1532}.Release|Any CPU.Build.0 = Release|Any CPU
		{A79E20AD-898B-40AE-AA23-BFB5A677BABE}.Debug|Any CPU.ActiveCfg = Debug|Any CPU
		{A79E20AD-898B-40AE-AA23-BFB5A677BABE}.Debug|Any CPU.Build.0 = Debug|Any CPU
		{A79E20AD-898B-40AE-AA23-BFB5A677BABE}.Release|Any CPU.ActiveCfg = Release|Any CPU
		{A79E20AD-898B-40AE-AA23-BFB5A677BABE}.Release|Any CPU.Build.0 = Release|Any CPU
		{6935522F-1F73-4D6C-9820-65EEAECF5F25}.Debug|Any CPU.ActiveCfg = Debug|Any CPU
		{6935522F-1F73-4D6C-9820-65EEAECF5F25}.Debug|Any CPU.Build.0 = Debug|Any CPU
		{6935522F-1F73-4D6C-9820-65EEAECF5F25}.Release|Any CPU.ActiveCfg = Release|Any CPU
		{6935522F-1F73-4D6C-9820-65EEAECF5F25}.Release|Any CPU.Build.0 = Release|Any CPU
		{9DAC0AC5-A612-476F-9DDB-0C93CB6AB039}.Debug|Any CPU.ActiveCfg = Debug|Any CPU
		{9DAC0AC5-A612-476F-9DDB-0C93CB6AB039}.Debug|Any CPU.Build.0 = Debug|Any CPU
		{9DAC0AC5-A612-476F-9DDB-0C93CB6AB039}.Release|Any CPU.ActiveCfg = Release|Any CPU
		{9DAC0AC5-A612-476F-9DDB-0C93CB6AB039}.Release|Any CPU.Build.0 = Release|Any CPU
		{AC9C1086-7726-449F-AC28-A138106AC048}.Debug|Any CPU.ActiveCfg = Debug|Any CPU
		{AC9C1086-7726-449F-AC28-A138106AC048}.Debug|Any CPU.Build.0 = Debug|Any CPU
		{AC9C1086-7726-449F-AC28-A138106AC048}.Release|Any CPU.ActiveCfg = Release|Any CPU
		{AC9C1086-7726-449F-AC28-A138106AC048}.Release|Any CPU.Build.0 = Release|Any CPU
		{23728E7F-D893-45AB-9FE2-6E94F42789D7}.Debug|Any CPU.ActiveCfg = Debug|Any CPU
		{23728E7F-D893-45AB-9FE2-6E94F42789D7}.Debug|Any CPU.Build.0 = Debug|Any CPU
		{23728E7F-D893-45AB-9FE2-6E94F42789D7}.Release|Any CPU.ActiveCfg = Release|Any CPU
		{23728E7F-D893-45AB-9FE2-6E94F42789D7}.Release|Any CPU.Build.0 = Release|Any CPU
		{5F88036E-E512-48BC-9306-C80BD86E6D85}.Debug|Any CPU.ActiveCfg = Debug|Any CPU
		{5F88036E-E512-48BC-9306-C80BD86E6D85}.Debug|Any CPU.Build.0 = Debug|Any CPU
		{5F88036E-E512-48BC-9306-C80BD86E6D85}.Release|Any CPU.ActiveCfg = Release|Any CPU
		{5F88036E-E512-48BC-9306-C80BD86E6D85}.Release|Any CPU.Build.0 = Release|Any CPU
		{7EDD3EC7-C5EB-4E21-ACF7-A18606571C4A}.Debug|Any CPU.ActiveCfg = Debug|Any CPU
		{7EDD3EC7-C5EB-4E21-ACF7-A18606571C4A}.Debug|Any CPU.Build.0 = Debug|Any CPU
		{7EDD3EC7-C5EB-4E21-ACF7-A18606571C4A}.Release|Any CPU.ActiveCfg = Release|Any CPU
		{7EDD3EC7-C5EB-4E21-ACF7-A18606571C4A}.Release|Any CPU.Build.0 = Release|Any CPU
		{B94B7D07-8D82-4C33-9A71-B87674E3216A}.Debug|Any CPU.ActiveCfg = Debug|Any CPU
		{B94B7D07-8D82-4C33-9A71-B87674E3216A}.Debug|Any CPU.Build.0 = Debug|Any CPU
		{B94B7D07-8D82-4C33-9A71-B87674E3216A}.Release|Any CPU.ActiveCfg = Release|Any CPU
		{B94B7D07-8D82-4C33-9A71-B87674E3216A}.Release|Any CPU.Build.0 = Release|Any CPU
		{98AB1194-01FF-45F7-BE5D-4F7F8046EF07}.Debug|Any CPU.ActiveCfg = Debug|Any CPU
		{98AB1194-01FF-45F7-BE5D-4F7F8046EF07}.Debug|Any CPU.Build.0 = Debug|Any CPU
		{98AB1194-01FF-45F7-BE5D-4F7F8046EF07}.Release|Any CPU.ActiveCfg = Release|Any CPU
		{98AB1194-01FF-45F7-BE5D-4F7F8046EF07}.Release|Any CPU.Build.0 = Release|Any CPU
		{1B165A2C-A4E4-4248-9D88-F1DE09EAB036}.Debug|Any CPU.ActiveCfg = Debug|Any CPU
		{1B165A2C-A4E4-4248-9D88-F1DE09EAB036}.Debug|Any CPU.Build.0 = Debug|Any CPU
		{1B165A2C-A4E4-4248-9D88-F1DE09EAB036}.Release|Any CPU.ActiveCfg = Release|Any CPU
		{1B165A2C-A4E4-4248-9D88-F1DE09EAB036}.Release|Any CPU.Build.0 = Release|Any CPU
		{A375CB7F-3BFC-4A76-A375-B6D86E60F18D}.Debug|Any CPU.ActiveCfg = Debug|Any CPU
		{A375CB7F-3BFC-4A76-A375-B6D86E60F18D}.Debug|Any CPU.Build.0 = Debug|Any CPU
		{A375CB7F-3BFC-4A76-A375-B6D86E60F18D}.Release|Any CPU.ActiveCfg = Release|Any CPU
		{A375CB7F-3BFC-4A76-A375-B6D86E60F18D}.Release|Any CPU.Build.0 = Release|Any CPU
		{CB6D7F58-7355-4A5B-999C-8F21F7EEF603}.Debug|Any CPU.ActiveCfg = Debug|Any CPU
		{CB6D7F58-7355-4A5B-999C-8F21F7EEF603}.Debug|Any CPU.Build.0 = Debug|Any CPU
		{CB6D7F58-7355-4A5B-999C-8F21F7EEF603}.Release|Any CPU.ActiveCfg = Release|Any CPU
		{CB6D7F58-7355-4A5B-999C-8F21F7EEF603}.Release|Any CPU.Build.0 = Release|Any CPU
		{BB3A33F6-B601-4C90-86F0-43CD71A91DDA}.Debug|Any CPU.ActiveCfg = Debug|Any CPU
		{BB3A33F6-B601-4C90-86F0-43CD71A91DDA}.Debug|Any CPU.Build.0 = Debug|Any CPU
		{BB3A33F6-B601-4C90-86F0-43CD71A91DDA}.Release|Any CPU.ActiveCfg = Release|Any CPU
		{BB3A33F6-B601-4C90-86F0-43CD71A91DDA}.Release|Any CPU.Build.0 = Release|Any CPU
		{FCF05E9D-2683-498B-8506-DA90C5268588}.Debug|Any CPU.ActiveCfg = Debug|Any CPU
		{FCF05E9D-2683-498B-8506-DA90C5268588}.Debug|Any CPU.Build.0 = Debug|Any CPU
		{FCF05E9D-2683-498B-8506-DA90C5268588}.Release|Any CPU.ActiveCfg = Release|Any CPU
		{FCF05E9D-2683-498B-8506-DA90C5268588}.Release|Any CPU.Build.0 = Release|Any CPU
		{C3988096-C4EF-4B97-AD07-D840764A4075}.Debug|Any CPU.ActiveCfg = Debug|Any CPU
		{C3988096-C4EF-4B97-AD07-D840764A4075}.Debug|Any CPU.Build.0 = Debug|Any CPU
		{C3988096-C4EF-4B97-AD07-D840764A4075}.Release|Any CPU.ActiveCfg = Release|Any CPU
		{C3988096-C4EF-4B97-AD07-D840764A4075}.Release|Any CPU.Build.0 = Release|Any CPU
		{0A1257CF-408C-4204-8EB6-BB3591C30D59}.Debug|Any CPU.ActiveCfg = Debug|Any CPU
		{0A1257CF-408C-4204-8EB6-BB3591C30D59}.Debug|Any CPU.Build.0 = Debug|Any CPU
		{0A1257CF-408C-4204-8EB6-BB3591C30D59}.Release|Any CPU.ActiveCfg = Release|Any CPU
		{0A1257CF-408C-4204-8EB6-BB3591C30D59}.Release|Any CPU.Build.0 = Release|Any CPU
		{2EBE13E5-F70E-4361-AD22-9F64ED5D6D85}.Debug|Any CPU.ActiveCfg = Debug|Any CPU
		{2EBE13E5-F70E-4361-AD22-9F64ED5D6D85}.Debug|Any CPU.Build.0 = Debug|Any CPU
		{2EBE13E5-F70E-4361-AD22-9F64ED5D6D85}.Release|Any CPU.ActiveCfg = Release|Any CPU
		{2EBE13E5-F70E-4361-AD22-9F64ED5D6D85}.Release|Any CPU.Build.0 = Release|Any CPU
	EndGlobalSection
	GlobalSection(SolutionProperties) = preSolution
		HideSolutionNode = FALSE
	EndGlobalSection
	GlobalSection(NestedProjects) = preSolution
		{14064BFE-2373-43AC-B777-C0D911FB9402} = {E0CEFDB2-7F37-4F26-BAF7-E7CFF50519A8}
		{23C27439-1301-4C73-9547-1AA185757FDF} = {E0CEFDB2-7F37-4F26-BAF7-E7CFF50519A8}
		{2E8C1437-6DF4-456D-AFB3-9068269AA665} = {E0CEFDB2-7F37-4F26-BAF7-E7CFF50519A8}
		{2E94D891-E069-42EA-B993-ED44FD7B2853} = {E0CEFDB2-7F37-4F26-BAF7-E7CFF50519A8}
		{46165EF5-DDF9-42A0-85CA-F8A0CB90CE7A} = {423D4C1A-06DA-460B-82FC-B8B8CE66C69E}
		{FB0689AD-745E-4C17-A561-1EC2DFF8AA4D} = {423D4C1A-06DA-460B-82FC-B8B8CE66C69E}
		{22258804-E680-4B03-8311-5647A27614E3} = {423D4C1A-06DA-460B-82FC-B8B8CE66C69E}
		{81127F25-1B0C-4969-A206-B156246D2BAE} = {423D4C1A-06DA-460B-82FC-B8B8CE66C69E}
		{457A4797-181E-435E-9BA7-79018A106B23} = {423D4C1A-06DA-460B-82FC-B8B8CE66C69E}
		{0E1FDDB8-056E-4C50-92DA-065996CEF022} = {D081ED37-AD0D-44AE-B8DC-0003C8F6D7CA}
		{8BAB0CC5-9A3A-4501-AB72-EE39934CF528} = {D081ED37-AD0D-44AE-B8DC-0003C8F6D7CA}
		{A74FA19C-9C83-40CD-92F1-6B52F5E1E129} = {D081ED37-AD0D-44AE-B8DC-0003C8F6D7CA}
		{732DA6A7-6D97-4780-90C2-D7C06B17E9B6} = {D081ED37-AD0D-44AE-B8DC-0003C8F6D7CA}
		{72EB4908-418B-4AF7-9F74-2413F50E9393} = {47BA2DF7-4392-4446-A684-23B9BBEB9D08}
		{3F2B42E3-E54F-494D-9CAC-0ABFA3E5386D} = {47BA2DF7-4392-4446-A684-23B9BBEB9D08}
		{B2E0E66E-6BA1-4FD8-A196-59CB54688B97} = {AB980298-9CDD-4D99-9E05-14CD1990A70A}
		{0D3FEF81-6B2D-41E8-8EC7-8625EAAD8638} = {AB980298-9CDD-4D99-9E05-14CD1990A70A}
		{5D7CA403-E248-43EF-B580-DBD64AB01B2E} = {AB980298-9CDD-4D99-9E05-14CD1990A70A}
		{D2FFD3DA-5BFF-4683-8AF4-D37EB06C5116} = {9F2E7F60-2469-472F-BD55-8D016A34BCAE}
		{7C337977-C5D6-44DF-80D4-3006B270977C} = {9F2E7F60-2469-472F-BD55-8D016A34BCAE}
		{07CD967F-DB11-425A-BB56-E9A963103A4B} = {9F2E7F60-2469-472F-BD55-8D016A34BCAE}
		{A39EFB9A-F99A-4BB1-A5B0-9CD61CB957A7} = {9F2E7F60-2469-472F-BD55-8D016A34BCAE}
		{879A70E3-B1D3-44FD-8270-68B783A590E6} = {5E787868-9B0F-492D-A668-EF5234465CC8}
		{434A3C64-B2A1-4DD1-A430-E34B4CE0F978} = {5E787868-9B0F-492D-A668-EF5234465CC8}
		{01B66A56-AF28-48D7-A320-6FE10FD11FB9} = {5E787868-9B0F-492D-A668-EF5234465CC8}
		{50B8D83D-102F-4997-BBB5-2F71A05D8115} = {44D23CA6-1BF4-4064-9C2B-5A2EAE1C8785}
		{9842A186-2981-4EFE-A096-13ACF3F47EAE} = {44D23CA6-1BF4-4064-9C2B-5A2EAE1C8785}
		{C32A67EA-26D2-4CA2-8E3C-4A1D565B1AE6} = {44D23CA6-1BF4-4064-9C2B-5A2EAE1C8785}
		{FC387A02-3D81-489A-B959-4D058AF93110} = {5B7C6F20-93A3-4E14-B30C-7728EDE57D24}
		{15B07531-50CB-4BE3-9A56-D61EEE2BF7B2} = {5B7C6F20-93A3-4E14-B30C-7728EDE57D24}
		{DD4A5E07-7A86-40AB-97AA-32D29ED7E7BA} = {56AE7D24-92EA-439F-98B0-6E890981C4A7}
		{772DC121-ACF8-4074-B1F8-CD2D04624C93} = {56AE7D24-92EA-439F-98B0-6E890981C4A7}
		{9910B147-A05B-4F7A-B860-4B9D5215ED86} = {56AE7D24-92EA-439F-98B0-6E890981C4A7}
		{3E5387E0-30D3-4CE4-B4B4-E78AFE463D3E} = {56AE7D24-92EA-439F-98B0-6E890981C4A7}
		{F0AFE117-5665-4EC8-8B47-B369FCB65748} = {7C66CA51-5E82-4579-B6E0-5CB3F11ED830}
		{2202EAD8-041F-411D-A8D3-1C78404B1532} = {7C66CA51-5E82-4579-B6E0-5CB3F11ED830}
		{A79E20AD-898B-40AE-AA23-BFB5A677BABE} = {7C66CA51-5E82-4579-B6E0-5CB3F11ED830}
		{6935522F-1F73-4D6C-9820-65EEAECF5F25} = {7C66CA51-5E82-4579-B6E0-5CB3F11ED830}
		{9DAC0AC5-A612-476F-9DDB-0C93CB6AB039} = {C9347AB3-86D3-4581-82EC-0902C6B62C46}
		{AC9C1086-7726-449F-AC28-A138106AC048} = {C9347AB3-86D3-4581-82EC-0902C6B62C46}
		{23728E7F-D893-45AB-9FE2-6E94F42789D7} = {C9347AB3-86D3-4581-82EC-0902C6B62C46}
		{5F88036E-E512-48BC-9306-C80BD86E6D85} = {65E8B19C-67CB-4961-A427-3EFB69C9F72B}
		{7EDD3EC7-C5EB-4E21-ACF7-A18606571C4A} = {65E8B19C-67CB-4961-A427-3EFB69C9F72B}
		{B94B7D07-8D82-4C33-9A71-B87674E3216A} = {65E8B19C-67CB-4961-A427-3EFB69C9F72B}
		{98AB1194-01FF-45F7-BE5D-4F7F8046EF07} = {988FC7C3-D1C8-4D68-B3B2-C8FC92764608}
		{1B165A2C-A4E4-4248-9D88-F1DE09EAB036} = {988FC7C3-D1C8-4D68-B3B2-C8FC92764608}
		{A375CB7F-3BFC-4A76-A375-B6D86E60F18D} = {988FC7C3-D1C8-4D68-B3B2-C8FC92764608}
		{CB6D7F58-7355-4A5B-999C-8F21F7EEF603} = {988FC7C3-D1C8-4D68-B3B2-C8FC92764608}
		{BB3A33F6-B601-4C90-86F0-43CD71A91DDA} = {988FC7C3-D1C8-4D68-B3B2-C8FC92764608}
		{FCF05E9D-2683-498B-8506-DA90C5268588} = {988FC7C3-D1C8-4D68-B3B2-C8FC92764608}
		{C3988096-C4EF-4B97-AD07-D840764A4075} = {988FC7C3-D1C8-4D68-B3B2-C8FC92764608}
		{0A1257CF-408C-4204-8EB6-BB3591C30D59} = {988FC7C3-D1C8-4D68-B3B2-C8FC92764608}
		{2EBE13E5-F70E-4361-AD22-9F64ED5D6D85} = {988FC7C3-D1C8-4D68-B3B2-C8FC92764608}
	EndGlobalSection
	GlobalSection(ExtensibilityGlobals) = postSolution
		SolutionGuid = {8DADB7B7-FFB3-4CB1-8707-3A498BD9C1B2}
	EndGlobalSection
EndGlobal
